
Microsoft Visual Studio Solution File, Format Version 12.00
# Visual Studio 2013
VisualStudioVersion = 12.0.30723.0
MinimumVisualStudioVersion = 10.0.40219.1
Project("{E24C65DC-7377-472B-9ABA-BC803B73C61A}") = "Nautilo.Web.Public", "http://localhost:21338", "{222A7D1B-69C5-40B4-A204-3550E9B3DD0F}"
	ProjectSection(WebsiteProperties) = preProject
		UseIISExpress = "true"
		TargetFrameworkMoniker = ".NETFramework,Version%3Dv4.5"
		Debug.AspNetCompiler.VirtualPath = "/localhost_21338"
		Debug.AspNetCompiler.PhysicalPath = "Nautilo.Web.Public\"
		Debug.AspNetCompiler.TargetPath = "PrecompiledWeb\localhost_21338\"
		Debug.AspNetCompiler.Updateable = "true"
		Debug.AspNetCompiler.ForceOverwrite = "true"
		Debug.AspNetCompiler.FixedNames = "false"
		Debug.AspNetCompiler.Debug = "True"
		Release.AspNetCompiler.VirtualPath = "/localhost_21338"
		Release.AspNetCompiler.PhysicalPath = "Nautilo.Web.Public\"
		Release.AspNetCompiler.TargetPath = "PrecompiledWeb\localhost_21338\"
		Release.AspNetCompiler.Updateable = "true"
		Release.AspNetCompiler.ForceOverwrite = "true"
		Release.AspNetCompiler.FixedNames = "false"
		Release.AspNetCompiler.Debug = "False"
		SlnRelativePath = "Nautilo.Web.Public\"
		DefaultWebSiteLanguage = "Visual C#"
	EndProjectSection
EndProject
Project("{FAE04EC0-301F-11D3-BF4B-00C04F79EFBC}") = "Nautilo.Web.Private", "Nautilo.Web.Private\Nautilo.Web.Private.csproj", "{B9AA0E98-AAEB-400C-B034-5314E234DE92}"
EndProject
Project("{FAE04EC0-301F-11D3-BF4B-00C04F79EFBC}") = "Nautilo.Utility", "Nautilo.Utility\Nautilo.Utility.csproj", "{D18CAE05-A6BE-42B7-8BC7-B5219279CD9F}"
EndProject
Project("{FAE04EC0-301F-11D3-BF4B-00C04F79EFBC}") = "Nautilo.Utility.Test", "Nautilo.Utility.Test\Nautilo.Utility.Test.csproj", "{A2CC97B8-7E08-47F1-9224-53373E3EB1C8}"
EndProject
Project("{FAE04EC0-301F-11D3-BF4B-00C04F79EFBC}") = "Nautilo.Core", "Nautilo.Core\Nautilo.Core.csproj", "{D2565B08-F5CB-4E47-BD3D-79CF9A0398F9}"
EndProject
Project("{FAE04EC0-301F-11D3-BF4B-00C04F79EFBC}") = "Nautilo.Core.Test", "Nautilo.Core.Test\Nautilo.Core.Test.csproj", "{C30A5981-B407-43FF-A4E8-CEF4E0E02F75}"
EndProject
Project("{FAE04EC0-301F-11D3-BF4B-00C04F79EFBC}") = "Tools", "Tools\Tools.csproj", "{1F2DFAD0-438A-44FA-8215-290CE7909F14}"
EndProject
Global
	GlobalSection(SolutionConfigurationPlatforms) = preSolution
		Debug|Any CPU = Debug|Any CPU
		Release|Any CPU = Release|Any CPU
	EndGlobalSection
	GlobalSection(ProjectConfigurationPlatforms) = postSolution
		{222A7D1B-69C5-40B4-A204-3550E9B3DD0F}.Debug|Any CPU.ActiveCfg = Debug|Any CPU
		{222A7D1B-69C5-40B4-A204-3550E9B3DD0F}.Debug|Any CPU.Build.0 = Debug|Any CPU
		{222A7D1B-69C5-40B4-A204-3550E9B3DD0F}.Release|Any CPU.ActiveCfg = Debug|Any CPU
		{222A7D1B-69C5-40B4-A204-3550E9B3DD0F}.Release|Any CPU.Build.0 = Debug|Any CPU
		{B9AA0E98-AAEB-400C-B034-5314E234DE92}.Debug|Any CPU.ActiveCfg = Debug|Any CPU
		{B9AA0E98-AAEB-400C-B034-5314E234DE92}.Debug|Any CPU.Build.0 = Debug|Any CPU
		{B9AA0E98-AAEB-400C-B034-5314E234DE92}.Release|Any CPU.ActiveCfg = Release|Any CPU
		{B9AA0E98-AAEB-400C-B034-5314E234DE92}.Release|Any CPU.Build.0 = Release|Any CPU
		{D18CAE05-A6BE-42B7-8BC7-B5219279CD9F}.Debug|Any CPU.ActiveCfg = Debug|Any CPU
		{D18CAE05-A6BE-42B7-8BC7-B5219279CD9F}.Debug|Any CPU.Build.0 = Debug|Any CPU
		{D18CAE05-A6BE-42B7-8BC7-B5219279CD9F}.Release|Any CPU.ActiveCfg = Release|Any CPU
		{D18CAE05-A6BE-42B7-8BC7-B5219279CD9F}.Release|Any CPU.Build.0 = Release|Any CPU
		{A2CC97B8-7E08-47F1-9224-53373E3EB1C8}.Debug|Any CPU.ActiveCfg = Debug|Any CPU
		{A2CC97B8-7E08-47F1-9224-53373E3EB1C8}.Debug|Any CPU.Build.0 = Debug|Any CPU
		{A2CC97B8-7E08-47F1-9224-53373E3EB1C8}.Release|Any CPU.ActiveCfg = Release|Any CPU
		{A2CC97B8-7E08-47F1-9224-53373E3EB1C8}.Release|Any CPU.Build.0 = Release|Any CPU
		{D2565B08-F5CB-4E47-BD3D-79CF9A0398F9}.Debug|Any CPU.ActiveCfg = Debug|Any CPU
		{D2565B08-F5CB-4E47-BD3D-79CF9A0398F9}.Debug|Any CPU.Build.0 = Debug|Any CPU
		{D2565B08-F5CB-4E47-BD3D-79CF9A0398F9}.Release|Any CPU.ActiveCfg = Release|Any CPU
		{D2565B08-F5CB-4E47-BD3D-79CF9A0398F9}.Release|Any CPU.Build.0 = Release|Any CPU
		{C30A5981-B407-43FF-A4E8-CEF4E0E02F75}.Debug|Any CPU.ActiveCfg = Debug|Any CPU
		{C30A5981-B407-43FF-A4E8-CEF4E0E02F75}.Debug|Any CPU.Build.0 = Debug|Any CPU
		{C30A5981-B407-43FF-A4E8-CEF4E0E02F75}.Release|Any CPU.ActiveCfg = Release|Any CPU
		{C30A5981-B407-43FF-A4E8-CEF4E0E02F75}.Release|Any CPU.Build.0 = Release|Any CPU
		{1F2DFAD0-438A-44FA-8215-290CE7909F14}.Debug|Any CPU.ActiveCfg = Debug|Any CPU
		{1F2DFAD0-438A-44FA-8215-290CE7909F14}.Debug|Any CPU.Build.0 = Debug|Any CPU
		{1F2DFAD0-438A-44FA-8215-290CE7909F14}.Release|Any CPU.ActiveCfg = Release|Any CPU
		{1F2DFAD0-438A-44FA-8215-290CE7909F14}.Release|Any CPU.Build.0 = Release|Any CPU
	EndGlobalSection
	GlobalSection(SolutionProperties) = preSolution
		HideSolutionNode = FALSE
	EndGlobalSection
EndGlobal
